
Microsoft Visual Studio Solution File, Format Version 12.00
# Visual Studio Version 16
VisualStudioVersion = 16.0.30503.244
MinimumVisualStudioVersion = 10.0.40219.1
Project("{FAE04EC0-301F-11D3-BF4B-00C04F79EFBC}") = "ES.Web", "Economy Store\ES.Web.csproj", "{A533B4AF-E73C-4BC6-84A0-127BE2A965E0}"
EndProject
Project("{FAE04EC0-301F-11D3-BF4B-00C04F79EFBC}") = "ES.Core", "ES.Core\ES.Core.csproj", "{88371577-0822-4867-A3B5-528202845030}"
EndProject
Project("{FAE04EC0-301F-11D3-BF4B-00C04F79EFBC}") = "ES.Services", "ES.Services\ES.Services.csproj", "{CEB44580-96ED-4A8D-B111-9067E6626965}"
EndProject
Project("{FAE04EC0-301F-11D3-BF4B-00C04F79EFBC}") = "ES.Repository", "ES.Repository\ES.Repository.csproj", "{7D4FC1E6-E07C-4DFC-81AF-1DF0C537E035}"
EndProject
Global
	GlobalSection(SolutionConfigurationPlatforms) = preSolution
		Debug|Any CPU = Debug|Any CPU
		Release|Any CPU = Release|Any CPU
	EndGlobalSection
	GlobalSection(ProjectConfigurationPlatforms) = postSolution
		{A533B4AF-E73C-4BC6-84A0-127BE2A965E0}.Debug|Any CPU.ActiveCfg = Debug|Any CPU
		{A533B4AF-E73C-4BC6-84A0-127BE2A965E0}.Debug|Any CPU.Build.0 = Debug|Any CPU
		{A533B4AF-E73C-4BC6-84A0-127BE2A965E0}.Release|Any CPU.ActiveCfg = Release|Any CPU
		{A533B4AF-E73C-4BC6-84A0-127BE2A965E0}.Release|Any CPU.Build.0 = Release|Any CPU
		{88371577-0822-4867-A3B5-528202845030}.Debug|Any CPU.ActiveCfg = Debug|Any CPU
		{88371577-0822-4867-A3B5-528202845030}.Debug|Any CPU.Build.0 = Debug|Any CPU
		{88371577-0822-4867-A3B5-528202845030}.Release|Any CPU.ActiveCfg = Release|Any CPU
		{88371577-0822-4867-A3B5-528202845030}.Release|Any CPU.Build.0 = Release|Any CPU
		{CEB44580-96ED-4A8D-B111-9067E6626965}.Debug|Any CPU.ActiveCfg = Debug|Any CPU
		{CEB44580-96ED-4A8D-B111-9067E6626965}.Debug|Any CPU.Build.0 = Debug|Any CPU
		{CEB44580-96ED-4A8D-B111-9067E6626965}.Release|Any CPU.ActiveCfg = Release|Any CPU
		{CEB44580-96ED-4A8D-B111-9067E6626965}.Release|Any CPU.Build.0 = Release|Any CPU
		{7D4FC1E6-E07C-4DFC-81AF-1DF0C537E035}.Debug|Any CPU.ActiveCfg = Debug|Any CPU
		{7D4FC1E6-E07C-4DFC-81AF-1DF0C537E035}.Debug|Any CPU.Build.0 = Debug|Any CPU
		{7D4FC1E6-E07C-4DFC-81AF-1DF0C537E035}.Release|Any CPU.ActiveCfg = Release|Any CPU
		{7D4FC1E6-E07C-4DFC-81AF-1DF0C537E035}.Release|Any CPU.Build.0 = Release|Any CPU
	EndGlobalSection
	GlobalSection(SolutionProperties) = preSolution
		HideSolutionNode = FALSE
	EndGlobalSection
	GlobalSection(ExtensibilityGlobals) = postSolution
		EnterpriseLibraryConfigurationToolBinariesPath = packages\Unity.2.1.505.2\lib\NET35
		SolutionGuid = {1E749854-DFCC-4DEA-8F99-60D50A013684}
	EndGlobalSection
EndGlobal
